
Microsoft Visual Studio Solution File, Format Version 12.00
# Visual Studio Version 17
VisualStudioVersion = 17.13.35828.75 d17.13
MinimumVisualStudioVersion = 10.0.40219.1
Project("{FAE04EC0-301F-11D3-BF4B-00C04F79EFBC}") = "BlazorShop.Web", "BlazorShop.Web\BlazorShop.Web.csproj", "{34903B9F-A056-4817-A14E-7BAE669F6E1E}"
EndProject
Project("{FAE04EC0-301F-11D3-BF4B-00C04F79EFBC}") = "BlazorShop.Api", "BlazorShop.Api\BlazorShop.Api.csproj", "{824808E7-E640-4714-A766-5A01BA563EE8}"
EndProject
Project("{FAE04EC0-301F-11D3-BF4B-00C04F79EFBC}") = "BlazorShop.Models", "BlazorShop.Models\BlazorShop.Models.csproj", "{E9FFE56B-A7F6-4011-B06B-716D94C810CB}"
EndProject
Global
	GlobalSection(SolutionConfigurationPlatforms) = preSolution
		Debug|Any CPU = Debug|Any CPU
		Release|Any CPU = Release|Any CPU
	EndGlobalSection
	GlobalSection(ProjectConfigurationPlatforms) = postSolution
		{34903B9F-A056-4817-A14E-7BAE669F6E1E}.Debug|Any CPU.ActiveCfg = Debug|Any CPU
		{34903B9F-A056-4817-A14E-7BAE669F6E1E}.Debug|Any CPU.Build.0 = Debug|Any CPU
		{34903B9F-A056-4817-A14E-7BAE669F6E1E}.Release|Any CPU.ActiveCfg = Release|Any CPU
		{34903B9F-A056-4817-A14E-7BAE669F6E1E}.Release|Any CPU.Build.0 = Release|Any CPU
		{824808E7-E640-4714-A766-5A01BA563EE8}.Debug|Any CPU.ActiveCfg = Debug|Any CPU
		{824808E7-E640-4714-A766-5A01BA563EE8}.Debug|Any CPU.Build.0 = Debug|Any CPU
		{824808E7-E640-4714-A766-5A01BA563EE8}.Release|Any CPU.ActiveCfg = Release|Any CPU
		{824808E7-E640-4714-A766-5A01BA563EE8}.Release|Any CPU.Build.0 = Release|Any CPU
		{E9FFE56B-A7F6-4011-B06B-716D94C810CB}.Debug|Any CPU.ActiveCfg = Debug|Any CPU
		{E9FFE56B-A7F6-4011-B06B-716D94C810CB}.Debug|Any CPU.Build.0 = Debug|Any CPU
		{E9FFE56B-A7F6-4011-B06B-716D94C810CB}.Release|Any CPU.ActiveCfg = Release|Any CPU
		{E9FFE56B-A7F6-4011-B06B-716D94C810CB}.Release|Any CPU.Build.0 = Release|Any CPU
	EndGlobalSection
	GlobalSection(SolutionProperties) = preSolution
		HideSolutionNode = FALSE
	EndGlobalSection
	GlobalSection(ExtensibilityGlobals) = postSolution
		SolutionGuid = {BCFACCD9-42C8-44EC-B37B-6BFFB565C246}
	EndGlobalSection
EndGlobal
